
Microsoft Visual Studio Solution File, Format Version 12.00
# Visual Studio Version 16
VisualStudioVersion = 16.0.29102.190
MinimumVisualStudioVersion = 10.0.40219.1
Project("{FAE04EC0-301F-11D3-BF4B-00C04F79EFBC}") = "TaxManagementConsoleApp01", "TaxManagementConsoleApp01\TaxManagementConsoleApp01.csproj", "{3251A249-EF0C-4E74-9709-942BB3A3AC3D}"
EndProject
Global
	GlobalSection(SolutionConfigurationPlatforms) = preSolution
		Debug|Any CPU = Debug|Any CPU
		Release|Any CPU = Release|Any CPU
	EndGlobalSection
	GlobalSection(ProjectConfigurationPlatforms) = postSolution
		{3251A249-EF0C-4E74-9709-942BB3A3AC3D}.Debug|Any CPU.ActiveCfg = Debug|Any CPU
		{3251A249-EF0C-4E74-9709-942BB3A3AC3D}.Debug|Any CPU.Build.0 = Debug|Any CPU
		{3251A249-EF0C-4E74-9709-942BB3A3AC3D}.Release|Any CPU.ActiveCfg = Release|Any CPU
		{3251A249-EF0C-4E74-9709-942BB3A3AC3D}.Release|Any CPU.Build.0 = Release|Any CPU
	EndGlobalSection
	GlobalSection(SolutionProperties) = preSolution
		HideSolutionNode = FALSE
	EndGlobalSection
	GlobalSection(ExtensibilityGlobals) = postSolution
		SolutionGuid = {F9C20252-9043-4CB3-9888-A698945E2CF6}
	EndGlobalSection
EndGlobal
