
Microsoft Visual Studio Solution File, Format Version 12.00
# Visual Studio Version 16
VisualStudioVersion = 16.0.29102.190
MinimumVisualStudioVersion = 10.0.40219.1
Project("{FAE04EC0-301F-11D3-BF4B-00C04F79EFBC}") = "ConceptArchitect.Geometry", "ConceptArchitect.Geometry\ConceptArchitect.Geometry.csproj", "{67343689-AB73-40F5-88E6-4F416190CE5C}"
EndProject
Project("{FAE04EC0-301F-11D3-BF4B-00C04F79EFBC}") = "RectangleDemo01", "RectangleDemo01\RectangleDemo01.csproj", "{6ADA9761-BC00-43F6-8C56-F2C9F595CD9B}"
EndProject
Global
	GlobalSection(SolutionConfigurationPlatforms) = preSolution
		Debug|Any CPU = Debug|Any CPU
		Release|Any CPU = Release|Any CPU
	EndGlobalSection
	GlobalSection(ProjectConfigurationPlatforms) = postSolution
		{67343689-AB73-40F5-88E6-4F416190CE5C}.Debug|Any CPU.ActiveCfg = Debug|Any CPU
		{67343689-AB73-40F5-88E6-4F416190CE5C}.Debug|Any CPU.Build.0 = Debug|Any CPU
		{67343689-AB73-40F5-88E6-4F416190CE5C}.Release|Any CPU.ActiveCfg = Release|Any CPU
		{67343689-AB73-40F5-88E6-4F416190CE5C}.Release|Any CPU.Build.0 = Release|Any CPU
		{6ADA9761-BC00-43F6-8C56-F2C9F595CD9B}.Debug|Any CPU.ActiveCfg = Debug|Any CPU
		{6ADA9761-BC00-43F6-8C56-F2C9F595CD9B}.Debug|Any CPU.Build.0 = Debug|Any CPU
		{6ADA9761-BC00-43F6-8C56-F2C9F595CD9B}.Release|Any CPU.ActiveCfg = Release|Any CPU
		{6ADA9761-BC00-43F6-8C56-F2C9F595CD9B}.Release|Any CPU.Build.0 = Release|Any CPU
	EndGlobalSection
	GlobalSection(SolutionProperties) = preSolution
		HideSolutionNode = FALSE
	EndGlobalSection
	GlobalSection(ExtensibilityGlobals) = postSolution
		SolutionGuid = {05A9DB8B-99AC-44E1-B3A8-7FC804713C01}
	EndGlobalSection
EndGlobal
